
Microsoft Visual Studio Solution File, Format Version 12.00
# Visual Studio Version 17
VisualStudioVersion = 17.13.35919.96 d17.13
MinimumVisualStudioVersion = 10.0.40219.1
Project("{FAE04EC0-301F-11D3-BF4B-00C04F79EFBC}") = "Backend", "Backend.csproj", "{7F7A2A00-7ACC-4115-BB73-09E96E1B6160}"
EndProject
Global
	GlobalSection(SolutionConfigurationPlatforms) = preSolution
		Debug|Any CPU = Debug|Any CPU
		Release|Any CPU = Release|Any CPU
	EndGlobalSection
	GlobalSection(ProjectConfigurationPlatforms) = postSolution
		{7F7A2A00-7ACC-4115-BB73-09E96E1B6160}.Debug|Any CPU.ActiveCfg = Debug|Any CPU
		{7F7A2A00-7ACC-4115-BB73-09E96E1B6160}.Debug|Any CPU.Build.0 = Debug|Any CPU
		{7F7A2A00-7ACC-4115-BB73-09E96E1B6160}.Release|Any CPU.ActiveCfg = Release|Any CPU
		{7F7A2A00-7ACC-4115-BB73-09E96E1B6160}.Release|Any CPU.Build.0 = Release|Any CPU
	EndGlobalSection
	GlobalSection(SolutionProperties) = preSolution
		HideSolutionNode = FALSE
	EndGlobalSection
	GlobalSection(ExtensibilityGlobals) = postSolution
		SolutionGuid = {A332E069-E731-4DBB-9783-619E0A164BCB}
	EndGlobalSection
EndGlobal
